
Microsoft Visual Studio Solution File, Format Version 12.00
# Visual Studio 15
VisualStudioVersion = 15.0.26124.0
MinimumVisualStudioVersion = 15.0.26124.0
Project("{9A19103F-16F7-4668-BE54-9A1E7A4F7556}") = "Rec.Core", "Rec.Core\Rec.Core.csproj", "{99AC9FDD-DDC7-4F87-908D-AB24C2436650}"
EndProject
Project("{9A19103F-16F7-4668-BE54-9A1E7A4F7556}") = "Rec.Test", "Rec.Test\Rec.Test.csproj", "{F7AFFD37-5DD7-40BD-8C60-41B65EC16596}"
	ProjectSection(ProjectDependencies) = postProject
		{99AC9FDD-DDC7-4F87-908D-AB24C2436650} = {99AC9FDD-DDC7-4F87-908D-AB24C2436650}
	EndProjectSection
EndProject
Project("{9A19103F-16F7-4668-BE54-9A1E7A4F7556}") = "Rec.Console", "Rec.Console\Rec.Console.csproj", "{BE702129-7FB1-4BEA-9730-1E0A5BC38FED}"
	ProjectSection(ProjectDependencies) = postProject
		{99AC9FDD-DDC7-4F87-908D-AB24C2436650} = {99AC9FDD-DDC7-4F87-908D-AB24C2436650}
	EndProjectSection
EndProject
Global
	GlobalSection(SolutionConfigurationPlatforms) = preSolution
		Debug|Any CPU = Debug|Any CPU
		Debug|x64 = Debug|x64
		Debug|x86 = Debug|x86
		Release|Any CPU = Release|Any CPU
		Release|x64 = Release|x64
		Release|x86 = Release|x86
	EndGlobalSection
	GlobalSection(ProjectConfigurationPlatforms) = postSolution
		{99AC9FDD-DDC7-4F87-908D-AB24C2436650}.Debug|Any CPU.ActiveCfg = Debug|Any CPU
		{99AC9FDD-DDC7-4F87-908D-AB24C2436650}.Debug|Any CPU.Build.0 = Debug|Any CPU
		{99AC9FDD-DDC7-4F87-908D-AB24C2436650}.Debug|x64.ActiveCfg = Debug|Any CPU
		{99AC9FDD-DDC7-4F87-908D-AB24C2436650}.Debug|x64.Build.0 = Debug|Any CPU
		{99AC9FDD-DDC7-4F87-908D-AB24C2436650}.Debug|x86.ActiveCfg = Debug|Any CPU
		{99AC9FDD-DDC7-4F87-908D-AB24C2436650}.Debug|x86.Build.0 = Debug|Any CPU
		{99AC9FDD-DDC7-4F87-908D-AB24C2436650}.Release|Any CPU.ActiveCfg = Release|Any CPU
		{99AC9FDD-DDC7-4F87-908D-AB24C2436650}.Release|Any CPU.Build.0 = Release|Any CPU
		{99AC9FDD-DDC7-4F87-908D-AB24C2436650}.Release|x64.ActiveCfg = Release|Any CPU
		{99AC9FDD-DDC7-4F87-908D-AB24C2436650}.Release|x64.Build.0 = Release|Any CPU
		{99AC9FDD-DDC7-4F87-908D-AB24C2436650}.Release|x86.ActiveCfg = Release|Any CPU
		{99AC9FDD-DDC7-4F87-908D-AB24C2436650}.Release|x86.Build.0 = Release|Any CPU
		{F7AFFD37-5DD7-40BD-8C60-41B65EC16596}.Debug|Any CPU.ActiveCfg = Debug|Any CPU
		{F7AFFD37-5DD7-40BD-8C60-41B65EC16596}.Debug|Any CPU.Build.0 = Debug|Any CPU
		{F7AFFD37-5DD7-40BD-8C60-41B65EC16596}.Debug|x64.ActiveCfg = Debug|Any CPU
		{F7AFFD37-5DD7-40BD-8C60-41B65EC16596}.Debug|x64.Build.0 = Debug|Any CPU
		{F7AFFD37-5DD7-40BD-8C60-41B65EC16596}.Debug|x86.ActiveCfg = Debug|Any CPU
		{F7AFFD37-5DD7-40BD-8C60-41B65EC16596}.Debug|x86.Build.0 = Debug|Any CPU
		{F7AFFD37-5DD7-40BD-8C60-41B65EC16596}.Release|Any CPU.ActiveCfg = Release|Any CPU
		{F7AFFD37-5DD7-40BD-8C60-41B65EC16596}.Release|Any CPU.Build.0 = Release|Any CPU
		{F7AFFD37-5DD7-40BD-8C60-41B65EC16596}.Release|x64.ActiveCfg = Release|Any CPU
		{F7AFFD37-5DD7-40BD-8C60-41B65EC16596}.Release|x64.Build.0 = Release|Any CPU
		{F7AFFD37-5DD7-40BD-8C60-41B65EC16596}.Release|x86.ActiveCfg = Release|Any CPU
		{F7AFFD37-5DD7-40BD-8C60-41B65EC16596}.Release|x86.Build.0 = Release|Any CPU
		{BE702129-7FB1-4BEA-9730-1E0A5BC38FED}.Debug|Any CPU.ActiveCfg = Debug|Any CPU
		{BE702129-7FB1-4BEA-9730-1E0A5BC38FED}.Debug|Any CPU.Build.0 = Debug|Any CPU
		{BE702129-7FB1-4BEA-9730-1E0A5BC38FED}.Debug|x64.ActiveCfg = Debug|Any CPU
		{BE702129-7FB1-4BEA-9730-1E0A5BC38FED}.Debug|x64.Build.0 = Debug|Any CPU
		{BE702129-7FB1-4BEA-9730-1E0A5BC38FED}.Debug|x86.ActiveCfg = Debug|Any CPU
		{BE702129-7FB1-4BEA-9730-1E0A5BC38FED}.Debug|x86.Build.0 = Debug|Any CPU
		{BE702129-7FB1-4BEA-9730-1E0A5BC38FED}.Release|Any CPU.ActiveCfg = Release|Any CPU
		{BE702129-7FB1-4BEA-9730-1E0A5BC38FED}.Release|Any CPU.Build.0 = Release|Any CPU
		{BE702129-7FB1-4BEA-9730-1E0A5BC38FED}.Release|x64.ActiveCfg = Release|Any CPU
		{BE702129-7FB1-4BEA-9730-1E0A5BC38FED}.Release|x64.Build.0 = Release|Any CPU
		{BE702129-7FB1-4BEA-9730-1E0A5BC38FED}.Release|x86.ActiveCfg = Release|Any CPU
		{BE702129-7FB1-4BEA-9730-1E0A5BC38FED}.Release|x86.Build.0 = Release|Any CPU
	EndGlobalSection
	GlobalSection(SolutionProperties) = preSolution
		HideSolutionNode = FALSE
	EndGlobalSection
	GlobalSection(ExtensibilityGlobals) = postSolution
		SolutionGuid = {2550A438-AAB8-4346-BCE9-A50F4CA5F282}
	EndGlobalSection
EndGlobal
